
Microsoft Visual Studio Solution File, Format Version 12.00
# Visual Studio Version 16
VisualStudioVersion = 16.0.32002.261
MinimumVisualStudioVersion = 10.0.40219.1
Project("{FAE04EC0-301F-11D3-BF4B-00C04F79EFBC}") = "testeamor", "testeamor.csproj", "{B30C0DB9-5F03-433B-BF3A-8585CB6A85D0}"
EndProject
Global
	GlobalSection(SolutionConfigurationPlatforms) = preSolution
		Debug|Any CPU = Debug|Any CPU
		Release|Any CPU = Release|Any CPU
	EndGlobalSection
	GlobalSection(ProjectConfigurationPlatforms) = postSolution
		{B30C0DB9-5F03-433B-BF3A-8585CB6A85D0}.Debug|Any CPU.ActiveCfg = Debug|Any CPU
		{B30C0DB9-5F03-433B-BF3A-8585CB6A85D0}.Debug|Any CPU.Build.0 = Debug|Any CPU
		{B30C0DB9-5F03-433B-BF3A-8585CB6A85D0}.Release|Any CPU.ActiveCfg = Release|Any CPU
		{B30C0DB9-5F03-433B-BF3A-8585CB6A85D0}.Release|Any CPU.Build.0 = Release|Any CPU
	EndGlobalSection
	GlobalSection(SolutionProperties) = preSolution
		HideSolutionNode = FALSE
	EndGlobalSection
	GlobalSection(ExtensibilityGlobals) = postSolution
		SolutionGuid = {7340BE3A-2A97-45D2-8292-2AC12336CCBA}
	EndGlobalSection
EndGlobal
